
Microsoft Visual Studio Solution File, Format Version 12.00
# Visual Studio 15
Project("{FAE04EC0-301F-11D3-BF4B-00C04F79EFBC}") = "Assembly-CSharp", "Assembly-CSharp.csproj", "{98561787-C225-0C9C-EE89-6091E7FC760E}"
EndProject
Project("{FAE04EC0-301F-11D3-BF4B-00C04F79EFBC}") = "Assembly-CSharp-Editor", "Assembly-CSharp-Editor.csproj", "{69668747-E4E7-224A-42E3-AFD1753A0BE9}"
EndProject
Global
	GlobalSection(SolutionConfigurationPlatforms) = preSolution
		Debug|Any CPU = Debug|Any CPU
		Release|Any CPU = Release|Any CPU
	EndGlobalSection
	GlobalSection(ProjectConfigurationPlatforms) = postSolution
		{98561787-C225-0C9C-EE89-6091E7FC760E}.Debug|Any CPU.ActiveCfg = Debug|Any CPU
		{98561787-C225-0C9C-EE89-6091E7FC760E}.Debug|Any CPU.Build.0 = Debug|Any CPU
		{98561787-C225-0C9C-EE89-6091E7FC760E}.Release|Any CPU.ActiveCfg = Release|Any CPU
		{98561787-C225-0C9C-EE89-6091E7FC760E}.Release|Any CPU.Build.0 = Release|Any CPU
		{69668747-E4E7-224A-42E3-AFD1753A0BE9}.Debug|Any CPU.ActiveCfg = Debug|Any CPU
		{69668747-E4E7-224A-42E3-AFD1753A0BE9}.Debug|Any CPU.Build.0 = Debug|Any CPU
		{69668747-E4E7-224A-42E3-AFD1753A0BE9}.Release|Any CPU.ActiveCfg = Release|Any CPU
		{69668747-E4E7-224A-42E3-AFD1753A0BE9}.Release|Any CPU.Build.0 = Release|Any CPU
	EndGlobalSection
	GlobalSection(SolutionProperties) = preSolution
		HideSolutionNode = FALSE
	EndGlobalSection
EndGlobal
